
Microsoft Visual Studio Solution File, Format Version 12.00
# Visual Studio Version 17
VisualStudioVersion = 17.13.35825.156 d17.13
MinimumVisualStudioVersion = 10.0.40219.1
Project("{FAE04EC0-301F-11D3-BF4B-00C04F79EFBC}") = "NorthwindProductManagement", "NorthwindProductManagement\NorthwindProductManagement.csproj", "{D13D1F4B-5340-46BF-A393-163D4A6C86EE}"
EndProject
Global
	GlobalSection(SolutionConfigurationPlatforms) = preSolution
		Debug|Any CPU = Debug|Any CPU
		Release|Any CPU = Release|Any CPU
	EndGlobalSection
	GlobalSection(ProjectConfigurationPlatforms) = postSolution
		{D13D1F4B-5340-46BF-A393-163D4A6C86EE}.Debug|Any CPU.ActiveCfg = Debug|Any CPU
		{D13D1F4B-5340-46BF-A393-163D4A6C86EE}.Debug|Any CPU.Build.0 = Debug|Any CPU
		{D13D1F4B-5340-46BF-A393-163D4A6C86EE}.Release|Any CPU.ActiveCfg = Release|Any CPU
		{D13D1F4B-5340-46BF-A393-163D4A6C86EE}.Release|Any CPU.Build.0 = Release|Any CPU
	EndGlobalSection
	GlobalSection(SolutionProperties) = preSolution
		HideSolutionNode = FALSE
	EndGlobalSection
	GlobalSection(ExtensibilityGlobals) = postSolution
		SolutionGuid = {F0BE2255-AC1D-4D0C-B0AF-857E5659260F}
	EndGlobalSection
EndGlobal
